
Microsoft Visual Studio Solution File, Format Version 12.00
# Visual Studio Version 17
VisualStudioVersion = 17.7.34024.191
MinimumVisualStudioVersion = 10.0.40219.1
Project("{FAE04EC0-301F-11D3-BF4B-00C04F79EFBC}") = "advanced_calculator", "advanced_calculator\advanced_calculator.csproj", "{350784FB-6CF2-4DFE-A696-76B59BA0D79F}"
EndProject
Global
	GlobalSection(SolutionConfigurationPlatforms) = preSolution
		Debug|Any CPU = Debug|Any CPU
		Release|Any CPU = Release|Any CPU
	EndGlobalSection
	GlobalSection(ProjectConfigurationPlatforms) = postSolution
		{350784FB-6CF2-4DFE-A696-76B59BA0D79F}.Debug|Any CPU.ActiveCfg = Debug|Any CPU
		{350784FB-6CF2-4DFE-A696-76B59BA0D79F}.Debug|Any CPU.Build.0 = Debug|Any CPU
		{350784FB-6CF2-4DFE-A696-76B59BA0D79F}.Debug|Any CPU.Deploy.0 = Debug|Any CPU
		{350784FB-6CF2-4DFE-A696-76B59BA0D79F}.Release|Any CPU.ActiveCfg = Release|Any CPU
		{350784FB-6CF2-4DFE-A696-76B59BA0D79F}.Release|Any CPU.Build.0 = Release|Any CPU
		{350784FB-6CF2-4DFE-A696-76B59BA0D79F}.Release|Any CPU.Deploy.0 = Release|Any CPU
	EndGlobalSection
	GlobalSection(SolutionProperties) = preSolution
		HideSolutionNode = FALSE
	EndGlobalSection
	GlobalSection(ExtensibilityGlobals) = postSolution
		SolutionGuid = {184BC8D9-4EA4-4B34-B15E-5AACD40792F2}
	EndGlobalSection
EndGlobal
